// !$*UTF8*$!
{
	archiveVersion = 1;
	classes = {
	};
	objectVersion = 51;
	objects = {

/* Begin PBXBuildFile section */
		763849772522A7A600F426A0 /* Switch.swift in Sources */ = {isa = PBXBuildFile; fileRef = 763849762522A7A600F426A0 /* Switch.swift */; };
		7638497B2523B15E00F426A0 /* main-rain.mp3 in Resources */ = {isa = PBXBuildFile; fileRef = 7638497A2523B15E00F426A0 /* main-rain.mp3 */; };
		763849A12523BC9500F426A0 /* rain.svg in Resources */ = {isa = PBXBuildFile; fileRef = 763849992523BC9400F426A0 /* rain.svg */; };
		763849A22523BC9500F426A0 /* birds.svg in Resources */ = {isa = PBXBuildFile; fileRef = 7638499A2523BC9400F426A0 /* birds.svg */; };
		763849A32523BC9500F426A0 /* grass.svg in Resources */ = {isa = PBXBuildFile; fileRef = 7638499B2523BC9400F426A0 /* grass.svg */; };
		763849A42523BC9500F426A0 /* wave.svg in Resources */ = {isa = PBXBuildFile; fileRef = 7638499C2523BC9400F426A0 /* wave.svg */; };
		763849A52523BC9500F426A0 /* storm.svg in Resources */ = {isa = PBXBuildFile; fileRef = 7638499D2523BC9500F426A0 /* storm.svg */; };
		763849A72523BC9500F426A0 /* fire.svg in Resources */ = {isa = PBXBuildFile; fileRef = 7638499F2523BC9500F426A0 /* fire.svg */; };
		763849A82523BC9500F426A0 /* wind.svg in Resources */ = {isa = PBXBuildFile; fileRef = 763849A02523BC9500F426A0 /* wind.svg */; };
		763849B02523BDD800F426A0 /* bowl.svg in Resources */ = {isa = PBXBuildFile; fileRef = 763849AF2523BDD800F426A0 /* bowl.svg */; };
		763849B42523C9FB00F426A0 /* noise.svg in Resources */ = {isa = PBXBuildFile; fileRef = 763849B22523C9FB00F426A0 /* noise.svg */; };
		763849B52523C9FB00F426A0 /* pine.svg in Resources */ = {isa = PBXBuildFile; fileRef = 763849B32523C9FB00F426A0 /* pine.svg */; };
		763849BA2523CCCD00F426A0 /* main-pink.mp3 in Resources */ = {isa = PBXBuildFile; fileRef = 763849B72523CCCC00F426A0 /* main-pink.mp3 */; };
		763849BB2523CCCD00F426A0 /* main-chimes.mp3 in Resources */ = {isa = PBXBuildFile; fileRef = 763849B82523CCCD00F426A0 /* main-chimes.mp3 */; };
		763849BC2523CCCD00F426A0 /* main-fan.mp3 in Resources */ = {isa = PBXBuildFile; fileRef = 763849B92523CCCD00F426A0 /* main-fan.mp3 */; };
		763849C02523CD7D00F426A0 /* chimes.svg in Resources */ = {isa = PBXBuildFile; fileRef = 763849BE2523CD7D00F426A0 /* chimes.svg */; };
		763849C12523CD7D00F426A0 /* fan.svg in Resources */ = {isa = PBXBuildFile; fileRef = 763849BF2523CD7D00F426A0 /* fan.svg */; };
		763849C52523D07A00F426A0 /* main-forest.mp3 in Resources */ = {isa = PBXBuildFile; fileRef = 763849C42523D07A00F426A0 /* main-forest.mp3 */; };
		76EFA60425148301007BE7AD /* AppDelegate.swift in Sources */ = {isa = PBXBuildFile; fileRef = 76EFA60325148301007BE7AD /* AppDelegate.swift */; };
		76EFA60625148301007BE7AD /* SceneDelegate.swift in Sources */ = {isa = PBXBuildFile; fileRef = 76EFA60525148301007BE7AD /* SceneDelegate.swift */; };
		76EFA60B25148301007BE7AD /* Main.storyboard in Resources */ = {isa = PBXBuildFile; fileRef = 76EFA60925148301007BE7AD /* Main.storyboard */; };
		76EFA60E25148301007BE7AD /* FocusTape.xcdatamodeld in Sources */ = {isa = PBXBuildFile; fileRef = 76EFA60C25148301007BE7AD /* FocusTape.xcdatamodeld */; };
		76EFA61025148303007BE7AD /* Assets.xcassets in Resources */ = {isa = PBXBuildFile; fileRef = 76EFA60F25148303007BE7AD /* Assets.xcassets */; };
		76EFA61325148303007BE7AD /* LaunchScreen.storyboard in Resources */ = {isa = PBXBuildFile; fileRef = 76EFA61125148303007BE7AD /* LaunchScreen.storyboard */; };
		76EFA648251597C9007BE7AD /* CollectionViewCell.swift in Sources */ = {isa = PBXBuildFile; fileRef = 76EFA646251597C9007BE7AD /* CollectionViewCell.swift */; };
		76EFA649251597C9007BE7AD /* CollectionViewCell.xib in Resources */ = {isa = PBXBuildFile; fileRef = 76EFA647251597C9007BE7AD /* CollectionViewCell.xib */; };
		76EFA64E25194257007BE7AD /* Constants.swift in Sources */ = {isa = PBXBuildFile; fileRef = 76EFA64D25194257007BE7AD /* Constants.swift */; };
		76EFA664251A7F24007BE7AD /* ViewController.swift in Sources */ = {isa = PBXBuildFile; fileRef = 76EFA663251A7F24007BE7AD /* ViewController.swift */; };
		76EFA674251A8F9F007BE7AD /* main-thunder.mp3 in Resources */ = {isa = PBXBuildFile; fileRef = 76EFA66E251A8F9E007BE7AD /* main-thunder.mp3 */; };
		76EFA675251A8F9F007BE7AD /* main-waves.mp3 in Resources */ = {isa = PBXBuildFile; fileRef = 76EFA66F251A8F9E007BE7AD /* main-waves.mp3 */; };
		76EFA676251A8F9F007BE7AD /* main-wind.mp3 in Resources */ = {isa = PBXBuildFile; fileRef = 76EFA670251A8F9E007BE7AD /* main-wind.mp3 */; };
		76EFA677251A8F9F007BE7AD /* main-sbowl.mp3 in Resources */ = {isa = PBXBuildFile; fileRef = 76EFA671251A8F9E007BE7AD /* main-sbowl.mp3 */; };
		76EFA678251A8F9F007BE7AD /* main-crickets.mp3 in Resources */ = {isa = PBXBuildFile; fileRef = 76EFA672251A8F9E007BE7AD /* main-crickets.mp3 */; };
		76EFA679251A8F9F007BE7AD /* main-birds.mp3 in Resources */ = {isa = PBXBuildFile; fileRef = 76EFA673251A8F9E007BE7AD /* main-birds.mp3 */; };
		76EFA697251C6DD8007BE7AD /* Sound.swift in Sources */ = {isa = PBXBuildFile; fileRef = 76EFA696251C6DD8007BE7AD /* Sound.swift */; };
		76EFA6A4251EC592007BE7AD /* main-fire.mp3 in Resources */ = {isa = PBXBuildFile; fileRef = 76EFA6A3251EC592007BE7AD /* main-fire.mp3 */; };
		F8493F4E39EA206DC67268E7 /* Pods_FocusTape.framework in Frameworks */ = {isa = PBXBuildFile; fileRef = 8946C34714E70D00DB8CD558 /* Pods_FocusTape.framework */; };
/* End PBXBuildFile section */

/* Begin PBXFileReference section */
		1ED7886B46164498D61F2211 /* Pods-FocusTape.release.xcconfig */ = {isa = PBXFileReference; includeInIndex = 1; lastKnownFileType = text.xcconfig; name = "Pods-FocusTape.release.xcconfig"; path = "Target Support Files/Pods-FocusTape/Pods-FocusTape.release.xcconfig"; sourceTree = "<group>"; };
		299185175CC6700A60ED7488 /* Pods-FocusTape.debug.xcconfig */ = {isa = PBXFileReference; includeInIndex = 1; lastKnownFileType = text.xcconfig; name = "Pods-FocusTape.debug.xcconfig"; path = "Target Support Files/Pods-FocusTape/Pods-FocusTape.debug.xcconfig"; sourceTree = "<group>"; };
		763849762522A7A600F426A0 /* Switch.swift */ = {isa = PBXFileReference; fileEncoding = 4; lastKnownFileType = sourcecode.swift; path = Switch.swift; sourceTree = "<group>"; };
		7638497A2523B15E00F426A0 /* main-rain.mp3 */ = {isa = PBXFileReference; lastKnownFileType = audio.mp3; path = "main-rain.mp3"; sourceTree = "<group>"; };
		763849992523BC9400F426A0 /* rain.svg */ = {isa = PBXFileReference; fileEncoding = 4; lastKnownFileType = text; path = rain.svg; sourceTree = "<group>"; };
		7638499A2523BC9400F426A0 /* birds.svg */ = {isa = PBXFileReference; fileEncoding = 4; lastKnownFileType = text.xml; name = birds.svg; path = ../../../../Downloads/birds.svg; sourceTree = "<group>"; };
		7638499B2523BC9400F426A0 /* grass.svg */ = {isa = PBXFileReference; fileEncoding = 4; lastKnownFileType = text.xml; name = grass.svg; path = ../../../../Downloads/grass.svg; sourceTree = "<group>"; };
		7638499C2523BC9400F426A0 /* wave.svg */ = {isa = PBXFileReference; fileEncoding = 4; lastKnownFileType = text; path = wave.svg; sourceTree = "<group>"; };
		7638499D2523BC9500F426A0 /* storm.svg */ = {isa = PBXFileReference; fileEncoding = 4; lastKnownFileType = text.xml; path = storm.svg; sourceTree = "<group>"; };
		7638499F2523BC9500F426A0 /* fire.svg */ = {isa = PBXFileReference; fileEncoding = 4; lastKnownFileType = text.xml; path = fire.svg; sourceTree = "<group>"; };
		763849A02523BC9500F426A0 /* wind.svg */ = {isa = PBXFileReference; fileEncoding = 4; lastKnownFileType = text; path = wind.svg; sourceTree = "<group>"; };
		763849AF2523BDD800F426A0 /* bowl.svg */ = {isa = PBXFileReference; fileEncoding = 4; lastKnownFileType = text.xml; path = bowl.svg; sourceTree = "<group>"; };
		763849B22523C9FB00F426A0 /* noise.svg */ = {isa = PBXFileReference; fileEncoding = 4; lastKnownFileType = text.xml; path = noise.svg; sourceTree = "<group>"; };
		763849B32523C9FB00F426A0 /* pine.svg */ = {isa = PBXFileReference; fileEncoding = 4; lastKnownFileType = text; path = pine.svg; sourceTree = "<group>"; };
		763849B72523CCCC00F426A0 /* main-pink.mp3 */ = {isa = PBXFileReference; lastKnownFileType = audio.mp3; path = "main-pink.mp3"; sourceTree = "<group>"; };
		763849B82523CCCD00F426A0 /* main-chimes.mp3 */ = {isa = PBXFileReference; lastKnownFileType = audio.mp3; path = "main-chimes.mp3"; sourceTree = "<group>"; };
		763849B92523CCCD00F426A0 /* main-fan.mp3 */ = {isa = PBXFileReference; lastKnownFileType = audio.mp3; path = "main-fan.mp3"; sourceTree = "<group>"; };
		763849BE2523CD7D00F426A0 /* chimes.svg */ = {isa = PBXFileReference; fileEncoding = 4; lastKnownFileType = text.xml; path = chimes.svg; sourceTree = "<group>"; };
		763849BF2523CD7D00F426A0 /* fan.svg */ = {isa = PBXFileReference; fileEncoding = 4; lastKnownFileType = text.xml; path = fan.svg; sourceTree = "<group>"; };
		763849C42523D07A00F426A0 /* main-forest.mp3 */ = {isa = PBXFileReference; lastKnownFileType = audio.mp3; path = "main-forest.mp3"; sourceTree = "<group>"; };
		76EFA60025148301007BE7AD /* FocusTape.app */ = {isa = PBXFileReference; explicitFileType = wrapper.application; includeInIndex = 0; path = FocusTape.app; sourceTree = BUILT_PRODUCTS_DIR; };
		76EFA60325148301007BE7AD /* AppDelegate.swift */ = {isa = PBXFileReference; lastKnownFileType = sourcecode.swift; path = AppDelegate.swift; sourceTree = "<group>"; };
		76EFA60525148301007BE7AD /* SceneDelegate.swift */ = {isa = PBXFileReference; lastKnownFileType = sourcecode.swift; path = SceneDelegate.swift; sourceTree = "<group>"; };
		76EFA60A25148301007BE7AD /* Base */ = {isa = PBXFileReference; lastKnownFileType = file.storyboard; name = Base; path = Base.lproj/Main.storyboard; sourceTree = "<group>"; };
		76EFA60D25148301007BE7AD /* FocusTape.xcdatamodel */ = {isa = PBXFileReference; lastKnownFileType = wrapper.xcdatamodel; path = FocusTape.xcdatamodel; sourceTree = "<group>"; };
		76EFA60F25148303007BE7AD /* Assets.xcassets */ = {isa = PBXFileReference; lastKnownFileType = folder.assetcatalog; path = Assets.xcassets; sourceTree = "<group>"; };
		76EFA61225148303007BE7AD /* Base */ = {isa = PBXFileReference; lastKnownFileType = file.storyboard; name = Base; path = Base.lproj/LaunchScreen.storyboard; sourceTree = "<group>"; };
		76EFA61425148303007BE7AD /* Info.plist */ = {isa = PBXFileReference; lastKnownFileType = text.plist.xml; path = Info.plist; sourceTree = "<group>"; };
		76EFA646251597C9007BE7AD /* CollectionViewCell.swift */ = {isa = PBXFileReference; lastKnownFileType = sourcecode.swift; path = CollectionViewCell.swift; sourceTree = "<group>"; };
		76EFA647251597C9007BE7AD /* CollectionViewCell.xib */ = {isa = PBXFileReference; lastKnownFileType = file.xib; path = CollectionViewCell.xib; sourceTree = "<group>"; };
		76EFA64D25194257007BE7AD /* Constants.swift */ = {isa = PBXFileReference; lastKnownFileType = sourcecode.swift; name = Constants.swift; path = FocusTape/Models/Constants.swift; sourceTree = SOURCE_ROOT; };
		76EFA663251A7F24007BE7AD /* ViewController.swift */ = {isa = PBXFileReference; fileEncoding = 4; lastKnownFileType = sourcecode.swift; path = ViewController.swift; sourceTree = "<group>"; };
		76EFA66E251A8F9E007BE7AD /* main-thunder.mp3 */ = {isa = PBXFileReference; lastKnownFileType = audio.mp3; name = "main-thunder.mp3"; path = "../../../Downloads/main-thunder.mp3"; sourceTree = "<group>"; };
		76EFA66F251A8F9E007BE7AD /* main-waves.mp3 */ = {isa = PBXFileReference; lastKnownFileType = audio.mp3; name = "main-waves.mp3"; path = "../../../Downloads/main-waves.mp3"; sourceTree = "<group>"; };
		76EFA670251A8F9E007BE7AD /* main-wind.mp3 */ = {isa = PBXFileReference; lastKnownFileType = audio.mp3; name = "main-wind.mp3"; path = "../../../Downloads/main-wind.mp3"; sourceTree = "<group>"; };
		76EFA671251A8F9E007BE7AD /* main-sbowl.mp3 */ = {isa = PBXFileReference; lastKnownFileType = audio.mp3; name = "main-sbowl.mp3"; path = "../../../Downloads/main-sbowl.mp3"; sourceTree = "<group>"; };
		76EFA672251A8F9E007BE7AD /* main-crickets.mp3 */ = {isa = PBXFileReference; lastKnownFileType = audio.mp3; name = "main-crickets.mp3"; path = "../../../Downloads/main-crickets.mp3"; sourceTree = "<group>"; };
		76EFA673251A8F9E007BE7AD /* main-birds.mp3 */ = {isa = PBXFileReference; lastKnownFileType = audio.mp3; name = "main-birds.mp3"; path = "../../../Downloads/main-birds.mp3"; sourceTree = "<group>"; };
		76EFA696251C6DD8007BE7AD /* Sound.swift */ = {isa = PBXFileReference; lastKnownFileType = sourcecode.swift; path = Sound.swift; sourceTree = "<group>"; };
		76EFA6A3251EC592007BE7AD /* main-fire.mp3 */ = {isa = PBXFileReference; lastKnownFileType = audio.mp3; name = "main-fire.mp3"; path = "../../../Downloads/main-fire.mp3"; sourceTree = "<group>"; };
		8946C34714E70D00DB8CD558 /* Pods_FocusTape.framework */ = {isa = PBXFileReference; explicitFileType = wrapper.framework; includeInIndex = 0; path = Pods_FocusTape.framework; sourceTree = BUILT_PRODUCTS_DIR; };
/* End PBXFileReference section */

/* Begin PBXFrameworksBuildPhase section */
		76EFA5FD25148301007BE7AD /* Frameworks */ = {
			isa = PBXFrameworksBuildPhase;
			buildActionMask = 2147483647;
			files = (
				F8493F4E39EA206DC67268E7 /* Pods_FocusTape.framework in Frameworks */,
			);
			runOnlyForDeploymentPostprocessing = 0;
		};
/* End PBXFrameworksBuildPhase section */

/* Begin PBXGroup section */
		58D6792CF4578D0D6E2DEFE2 /* Pods */ = {
			isa = PBXGroup;
			children = (
				299185175CC6700A60ED7488 /* Pods-FocusTape.debug.xcconfig */,
				1ED7886B46164498D61F2211 /* Pods-FocusTape.release.xcconfig */,
			);
			path = Pods;
			sourceTree = "<group>";
		};
		5F010934C570113AB617F69D /* Frameworks */ = {
			isa = PBXGroup;
			children = (
				8946C34714E70D00DB8CD558 /* Pods_FocusTape.framework */,
			);
			name = Frameworks;
			sourceTree = "<group>";
		};
		767A8DE7252272BE0076808F /* SVG */ = {
			isa = PBXGroup;
			children = (
				7638499A2523BC9400F426A0 /* birds.svg */,
				7638499F2523BC9500F426A0 /* fire.svg */,
				7638499B2523BC9400F426A0 /* grass.svg */,
				763849AF2523BDD800F426A0 /* bowl.svg */,
				763849992523BC9400F426A0 /* rain.svg */,
				7638499D2523BC9500F426A0 /* storm.svg */,
				7638499C2523BC9400F426A0 /* wave.svg */,
				763849BE2523CD7D00F426A0 /* chimes.svg */,
				763849BF2523CD7D00F426A0 /* fan.svg */,
				763849B22523C9FB00F426A0 /* noise.svg */,
				763849B32523C9FB00F426A0 /* pine.svg */,
				763849A02523BC9500F426A0 /* wind.svg */,
			);
			path = SVG;
			sourceTree = "<group>";
		};
		76EFA5F725148301007BE7AD = {
			isa = PBXGroup;
			children = (
				76EFA60225148301007BE7AD /* FocusTape */,
				76EFA651251960CA007BE7AD /* Sounds */,
				76EFA60125148301007BE7AD /* Products */,
				58D6792CF4578D0D6E2DEFE2 /* Pods */,
				5F010934C570113AB617F69D /* Frameworks */,
			);
			sourceTree = "<group>";
		};
		76EFA60125148301007BE7AD /* Products */ = {
			isa = PBXGroup;
			children = (
				76EFA60025148301007BE7AD /* FocusTape.app */,
			);
			name = Products;
			sourceTree = "<group>";
		};
		76EFA60225148301007BE7AD /* FocusTape */ = {
			isa = PBXGroup;
			children = (
				767A8DE7252272BE0076808F /* SVG */,
				76EFA64C251941CE007BE7AD /* Models */,
				76EFA621251556BA007BE7AD /* Views */,
				76EFA620251556AF007BE7AD /* Controllers */,
				76EFA60325148301007BE7AD /* AppDelegate.swift */,
				76EFA60525148301007BE7AD /* SceneDelegate.swift */,
				76EFA60F25148303007BE7AD /* Assets.xcassets */,
				76EFA60C25148301007BE7AD /* FocusTape.xcdatamodeld */,
				76EFA61425148303007BE7AD /* Info.plist */,
			);
			path = FocusTape;
			sourceTree = "<group>";
		};
		76EFA620251556AF007BE7AD /* Controllers */ = {
			isa = PBXGroup;
			children = (
				76EFA663251A7F24007BE7AD /* ViewController.swift */,
				76EFA646251597C9007BE7AD /* CollectionViewCell.swift */,
			);
			path = Controllers;
			sourceTree = "<group>";
		};
		76EFA621251556BA007BE7AD /* Views */ = {
			isa = PBXGroup;
			children = (
				76EFA60925148301007BE7AD /* Main.storyboard */,
				76EFA61125148303007BE7AD /* LaunchScreen.storyboard */,
				76EFA647251597C9007BE7AD /* CollectionViewCell.xib */,
			);
			path = Views;
			sourceTree = "<group>";
		};
		76EFA64C251941CE007BE7AD /* Models */ = {
			isa = PBXGroup;
			children = (
				763849762522A7A600F426A0 /* Switch.swift */,
				76EFA64D25194257007BE7AD /* Constants.swift */,
				76EFA696251C6DD8007BE7AD /* Sound.swift */,
			);
			path = Models;
			sourceTree = "<group>";
		};
		76EFA651251960CA007BE7AD /* Sounds */ = {
			isa = PBXGroup;
			children = (
				76EFA673251A8F9E007BE7AD /* main-birds.mp3 */,
				763849C42523D07A00F426A0 /* main-forest.mp3 */,
				763849B82523CCCD00F426A0 /* main-chimes.mp3 */,
				763849B92523CCCD00F426A0 /* main-fan.mp3 */,
				763849B72523CCCC00F426A0 /* main-pink.mp3 */,
				7638497A2523B15E00F426A0 /* main-rain.mp3 */,
				76EFA672251A8F9E007BE7AD /* main-crickets.mp3 */,
				76EFA6A3251EC592007BE7AD /* main-fire.mp3 */,
				76EFA671251A8F9E007BE7AD /* main-sbowl.mp3 */,
				76EFA66E251A8F9E007BE7AD /* main-thunder.mp3 */,
				76EFA66F251A8F9E007BE7AD /* main-waves.mp3 */,
				76EFA670251A8F9E007BE7AD /* main-wind.mp3 */,
			);
			path = Sounds;
			sourceTree = "<group>";
		};
/* End PBXGroup section */

/* Begin PBXNativeTarget section */
		76EFA5FF25148301007BE7AD /* FocusTape */ = {
			isa = PBXNativeTarget;
			buildConfigurationList = 76EFA61725148303007BE7AD /* Build configuration list for PBXNativeTarget "FocusTape" */;
			buildPhases = (
				C4DD12159BAF2807CF103974 /* [CP] Check Pods Manifest.lock */,
				76EFA5FC25148301007BE7AD /* Sources */,
				76EFA5FD25148301007BE7AD /* Frameworks */,
				76EFA5FE25148301007BE7AD /* Resources */,
				FAE1713B3F2849CDE9552487 /* [CP] Embed Pods Frameworks */,
			);
			buildRules = (
			);
			dependencies = (
			);
			name = FocusTape;
			productName = FocusTape;
			productReference = 76EFA60025148301007BE7AD /* FocusTape.app */;
			productType = "com.apple.product-type.application";
		};
/* End PBXNativeTarget section */

/* Begin PBXProject section */
		76EFA5F825148301007BE7AD /* Project object */ = {
			isa = PBXProject;
			attributes = {
				LastSwiftUpdateCheck = 1200;
				LastUpgradeCheck = 1200;
				TargetAttributes = {
					76EFA5FF25148301007BE7AD = {
						CreatedOnToolsVersion = 12.0;
					};
				};
			};
			buildConfigurationList = 76EFA5FB25148301007BE7AD /* Build configuration list for PBXProject "FocusTape" */;
			compatibilityVersion = "Xcode 9.3";
			developmentRegion = en;
			hasScannedForEncodings = 0;
			knownRegions = (
				en,
				Base,
			);
			mainGroup = 76EFA5F725148301007BE7AD;
			productRefGroup = 76EFA60125148301007BE7AD /* Products */;
			projectDirPath = "";
			projectRoot = "";
			targets = (
				76EFA5FF25148301007BE7AD /* FocusTape */,
			);
		};
/* End PBXProject section */

/* Begin PBXResourcesBuildPhase section */
		76EFA5FE25148301007BE7AD /* Resources */ = {
			isa = PBXResourcesBuildPhase;
			buildActionMask = 2147483647;
			files = (
				76EFA675251A8F9F007BE7AD /* main-waves.mp3 in Resources */,
				763849C02523CD7D00F426A0 /* chimes.svg in Resources */,
				7638497B2523B15E00F426A0 /* main-rain.mp3 in Resources */,
				763849A22523BC9500F426A0 /* birds.svg in Resources */,
				76EFA6A4251EC592007BE7AD /* main-fire.mp3 in Resources */,
				76EFA61325148303007BE7AD /* LaunchScreen.storyboard in Resources */,
				763849C52523D07A00F426A0 /* main-forest.mp3 in Resources */,
				763849A42523BC9500F426A0 /* wave.svg in Resources */,
				76EFA676251A8F9F007BE7AD /* main-wind.mp3 in Resources */,
				763849B52523C9FB00F426A0 /* pine.svg in Resources */,
				763849A32523BC9500F426A0 /* grass.svg in Resources */,
				76EFA679251A8F9F007BE7AD /* main-birds.mp3 in Resources */,
				763849B02523BDD800F426A0 /* bowl.svg in Resources */,
				763849A82523BC9500F426A0 /* wind.svg in Resources */,
				763849A52523BC9500F426A0 /* storm.svg in Resources */,
				76EFA61025148303007BE7AD /* Assets.xcassets in Resources */,
				763849A72523BC9500F426A0 /* fire.svg in Resources */,
				763849B42523C9FB00F426A0 /* noise.svg in Resources */,
				76EFA649251597C9007BE7AD /* CollectionViewCell.xib in Resources */,
				76EFA677251A8F9F007BE7AD /* main-sbowl.mp3 in Resources */,
				763849A12523BC9500F426A0 /* rain.svg in Resources */,
				76EFA678251A8F9F007BE7AD /* main-crickets.mp3 in Resources */,
				763849C12523CD7D00F426A0 /* fan.svg in Resources */,
				763849BC2523CCCD00F426A0 /* main-fan.mp3 in Resources */,
				763849BB2523CCCD00F426A0 /* main-chimes.mp3 in Resources */,
				76EFA674251A8F9F007BE7AD /* main-thunder.mp3 in Resources */,
				76EFA60B25148301007BE7AD /* Main.storyboard in Resources */,
				763849BA2523CCCD00F426A0 /* main-pink.mp3 in Resources */,
			);
			runOnlyForDeploymentPostprocessing = 0;
		};
/* End PBXResourcesBuildPhase section */

/* Begin PBXShellScriptBuildPhase section */
		C4DD12159BAF2807CF103974 /* [CP] Check Pods Manifest.lock */ = {
			isa = PBXShellScriptBuildPhase;
			buildActionMask = 2147483647;
			files = (
			);
			inputFileListPaths = (
			);
			inputPaths = (
				"${PODS_PODFILE_DIR_PATH}/Podfile.lock",
				"${PODS_ROOT}/Manifest.lock",
			);
			name = "[CP] Check Pods Manifest.lock";
			outputFileListPaths = (
			);
			outputPaths = (
				"$(DERIVED_FILE_DIR)/Pods-FocusTape-checkManifestLockResult.txt",
			);
			runOnlyForDeploymentPostprocessing = 0;
			shellPath = /bin/sh;
			shellScript = "diff \"${PODS_PODFILE_DIR_PATH}/Podfile.lock\" \"${PODS_ROOT}/Manifest.lock\" > /dev/null\nif [ $? != 0 ] ; then\n    # print error to STDERR\n    echo \"error: The sandbox is not in sync with the Podfile.lock. Run 'pod install' or update your CocoaPods installation.\" >&2\n    exit 1\nfi\n# This output is used by Xcode 'outputs' to avoid re-running this script phase.\necho \"SUCCESS\" > \"${SCRIPT_OUTPUT_FILE_0}\"\n";
			showEnvVarsInLog = 0;
		};
		FAE1713B3F2849CDE9552487 /* [CP] Embed Pods Frameworks */ = {
			isa = PBXShellScriptBuildPhase;
			buildActionMask = 2147483647;
			files = (
			);
			inputFileListPaths = (
				"${PODS_ROOT}/Target Support Files/Pods-FocusTape/Pods-FocusTape-frameworks-${CONFIGURATION}-input-files.xcfilelist",
			);
			name = "[CP] Embed Pods Frameworks";
			outputFileListPaths = (
				"${PODS_ROOT}/Target Support Files/Pods-FocusTape/Pods-FocusTape-frameworks-${CONFIGURATION}-output-files.xcfilelist",
			);
			runOnlyForDeploymentPostprocessing = 0;
			shellPath = /bin/sh;
			shellScript = "\"${PODS_ROOT}/Target Support Files/Pods-FocusTape/Pods-FocusTape-frameworks.sh\"\n";
			showEnvVarsInLog = 0;
		};
/* End PBXShellScriptBuildPhase section */

/* Begin PBXSourcesBuildPhase section */
		76EFA5FC25148301007BE7AD /* Sources */ = {
			isa = PBXSourcesBuildPhase;
			buildActionMask = 2147483647;
			files = (
				76EFA697251C6DD8007BE7AD /* Sound.swift in Sources */,
				763849772522A7A600F426A0 /* Switch.swift in Sources */,
				76EFA664251A7F24007BE7AD /* ViewController.swift in Sources */,
				76EFA648251597C9007BE7AD /* CollectionViewCell.swift in Sources */,
				76EFA64E25194257007BE7AD /* Constants.swift in Sources */,
				76EFA60E25148301007BE7AD /* FocusTape.xcdatamodeld in Sources */,
				76EFA60425148301007BE7AD /* AppDelegate.swift in Sources */,
				76EFA60625148301007BE7AD /* SceneDelegate.swift in Sources */,
			);
			runOnlyForDeploymentPostprocessing = 0;
		};
/* End PBXSourcesBuildPhase section */

/* Begin PBXVariantGroup section */
		76EFA60925148301007BE7AD /* Main.storyboard */ = {
			isa = PBXVariantGroup;
			children = (
				76EFA60A25148301007BE7AD /* Base */,
			);
			name = Main.storyboard;
			sourceTree = "<group>";
		};
		76EFA61125148303007BE7AD /* LaunchScreen.storyboard */ = {
			isa = PBXVariantGroup;
			children = (
				76EFA61225148303007BE7AD /* Base */,
			);
			name = LaunchScreen.storyboard;
			sourceTree = "<group>";
		};
/* End PBXVariantGroup section */

/* Begin XCBuildConfiguration section */
		76EFA61525148303007BE7AD /* Debug */ = {
			isa = XCBuildConfiguration;
			buildSettings = {
				ALWAYS_SEARCH_USER_PATHS = NO;
				CLANG_ANALYZER_NONNULL = YES;
				CLANG_ANALYZER_NUMBER_OBJECT_CONVERSION = YES_AGGRESSIVE;
				CLANG_CXX_LANGUAGE_STANDARD = "gnu++14";
				CLANG_CXX_LIBRARY = "libc++";
				CLANG_ENABLE_MODULES = YES;
				CLANG_ENABLE_OBJC_ARC = YES;
				CLANG_ENABLE_OBJC_WEAK = YES;
				CLANG_WARN_BLOCK_CAPTURE_AUTORELEASING = YES;
				CLANG_WARN_BOOL_CONVERSION = YES;
				CLANG_WARN_COMMA = YES;
				CLANG_WARN_CONSTANT_CONVERSION = YES;
				CLANG_WARN_DEPRECATED_OBJC_IMPLEMENTATIONS = YES;
				CLANG_WARN_DIRECT_OBJC_ISA_USAGE = YES_ERROR;
				CLANG_WARN_DOCUMENTATION_COMMENTS = YES;
				CLANG_WARN_EMPTY_BODY = YES;
				CLANG_WARN_ENUM_CONVERSION = YES;
				CLANG_WARN_INFINITE_RECURSION = YES;
				CLANG_WARN_INT_CONVERSION = YES;
				CLANG_WARN_NON_LITERAL_NULL_CONVERSION = YES;
				CLANG_WARN_OBJC_IMPLICIT_RETAIN_SELF = YES;
				CLANG_WARN_OBJC_LITERAL_CONVERSION = YES;
				CLANG_WARN_OBJC_ROOT_CLASS = YES_ERROR;
				CLANG_WARN_QUOTED_INCLUDE_IN_FRAMEWORK_HEADER = YES;
				CLANG_WARN_RANGE_LOOP_ANALYSIS = YES;
				CLANG_WARN_STRICT_PROTOTYPES = YES;
				CLANG_WARN_SUSPICIOUS_MOVE = YES;
				CLANG_WARN_UNGUARDED_AVAILABILITY = YES_AGGRESSIVE;
				CLANG_WARN_UNREACHABLE_CODE = YES;
				CLANG_WARN__DUPLICATE_METHOD_MATCH = YES;
				COPY_PHASE_STRIP = NO;
				DEBUG_INFORMATION_FORMAT = dwarf;
				ENABLE_STRICT_OBJC_MSGSEND = YES;
				ENABLE_TESTABILITY = YES;
				GCC_C_LANGUAGE_STANDARD = gnu11;
				GCC_DYNAMIC_NO_PIC = NO;
				GCC_NO_COMMON_BLOCKS = YES;
				GCC_OPTIMIZATION_LEVEL = 0;
				GCC_PREPROCESSOR_DEFINITIONS = (
					"DEBUG=1",
					"$(inherited)",
				);
				GCC_WARN_64_TO_32_BIT_CONVERSION = YES;
				GCC_WARN_ABOUT_RETURN_TYPE = YES_ERROR;
				GCC_WARN_UNDECLARED_SELECTOR = YES;
				GCC_WARN_UNINITIALIZED_AUTOS = YES_AGGRESSIVE;
				GCC_WARN_UNUSED_FUNCTION = YES;
				GCC_WARN_UNUSED_VARIABLE = YES;
				IPHONEOS_DEPLOYMENT_TARGET = 14.0;
				MTL_ENABLE_DEBUG_INFO = INCLUDE_SOURCE;
				MTL_FAST_MATH = YES;
				ONLY_ACTIVE_ARCH = YES;
				SDKROOT = iphoneos;
				SWIFT_ACTIVE_COMPILATION_CONDITIONS = DEBUG;
				SWIFT_OPTIMIZATION_LEVEL = "-Onone";
			};
			name = Debug;
		};
		76EFA61625148303007BE7AD /* Release */ = {
			isa = XCBuildConfiguration;
			buildSettings = {
				ALWAYS_SEARCH_USER_PATHS = NO;
				CLANG_ANALYZER_NONNULL = YES;
				CLANG_ANALYZER_NUMBER_OBJECT_CONVERSION = YES_AGGRESSIVE;
				CLANG_CXX_LANGUAGE_STANDARD = "gnu++14";
				CLANG_CXX_LIBRARY = "libc++";
				CLANG_ENABLE_MODULES = YES;
				CLANG_ENABLE_OBJC_ARC = YES;
				CLANG_ENABLE_OBJC_WEAK = YES;
				CLANG_WARN_BLOCK_CAPTURE_AUTORELEASING = YES;
				CLANG_WARN_BOOL_CONVERSION = YES;
				CLANG_WARN_COMMA = YES;
				CLANG_WARN_CONSTANT_CONVERSION = YES;
				CLANG_WARN_DEPRECATED_OBJC_IMPLEMENTATIONS = YES;
				CLANG_WARN_DIRECT_OBJC_ISA_USAGE = YES_ERROR;
				CLANG_WARN_DOCUMENTATION_COMMENTS = YES;
				CLANG_WARN_EMPTY_BODY = YES;
				CLANG_WARN_ENUM_CONVERSION = YES;
				CLANG_WARN_INFINITE_RECURSION = YES;
				CLANG_WARN_INT_CONVERSION = YES;
				CLANG_WARN_NON_LITERAL_NULL_CONVERSION = YES;
				CLANG_WARN_OBJC_IMPLICIT_RETAIN_SELF = YES;
				CLANG_WARN_OBJC_LITERAL_CONVERSION = YES;
				CLANG_WARN_OBJC_ROOT_CLASS = YES_ERROR;
				CLANG_WARN_QUOTED_INCLUDE_IN_FRAMEWORK_HEADER = YES;
				CLANG_WARN_RANGE_LOOP_ANALYSIS = YES;
				CLANG_WARN_STRICT_PROTOTYPES = YES;
				CLANG_WARN_SUSPICIOUS_MOVE = YES;
				CLANG_WARN_UNGUARDED_AVAILABILITY = YES_AGGRESSIVE;
				CLANG_WARN_UNREACHABLE_CODE = YES;
				CLANG_WARN__DUPLICATE_METHOD_MATCH = YES;
				COPY_PHASE_STRIP = NO;
				DEBUG_INFORMATION_FORMAT = "dwarf-with-dsym";
				ENABLE_NS_ASSERTIONS = NO;
				ENABLE_STRICT_OBJC_MSGSEND = YES;
				GCC_C_LANGUAGE_STANDARD = gnu11;
				GCC_NO_COMMON_BLOCKS = YES;
				GCC_WARN_64_TO_32_BIT_CONVERSION = YES;
				GCC_WARN_ABOUT_RETURN_TYPE = YES_ERROR;
				GCC_WARN_UNDECLARED_SELECTOR = YES;
				GCC_WARN_UNINITIALIZED_AUTOS = YES_AGGRESSIVE;
				GCC_WARN_UNUSED_FUNCTION = YES;
				GCC_WARN_UNUSED_VARIABLE = YES;
				IPHONEOS_DEPLOYMENT_TARGET = 14.0;
				MTL_ENABLE_DEBUG_INFO = NO;
				MTL_FAST_MATH = YES;
				SDKROOT = iphoneos;
				SWIFT_COMPILATION_MODE = wholemodule;
				SWIFT_OPTIMIZATION_LEVEL = "-O";
				VALIDATE_PRODUCT = YES;
			};
			name = Release;
		};
		76EFA61825148303007BE7AD /* Debug */ = {
			isa = XCBuildConfiguration;
			baseConfigurationReference = 299185175CC6700A60ED7488 /* Pods-FocusTape.debug.xcconfig */;
			buildSettings = {
				ASSETCATALOG_COMPILER_APPICON_NAME = AppIcon;
				ASSETCATALOG_COMPILER_GLOBAL_ACCENT_COLOR_NAME = AccentColor;
				CODE_SIGN_STYLE = Automatic;
				CURRENT_PROJECT_VERSION = 2;
				DEVELOPMENT_TEAM = XSBJSSCUR5;
				INFOPLIST_FILE = FocusTape/Info.plist;
				IPHONEOS_DEPLOYMENT_TARGET = 13.6;
				LD_RUNPATH_SEARCH_PATHS = (
					"$(inherited)",
					"@executable_path/Frameworks",
				);
				PRODUCT_BUNDLE_IDENTIFIER = com.appblender.FocusTape;
				PRODUCT_NAME = "$(TARGET_NAME)";
				SWIFT_VERSION = 5.0;
				TARGETED_DEVICE_FAMILY = 1;
			};
			name = Debug;
		};
		76EFA61925148303007BE7AD /* Release */ = {
			isa = XCBuildConfiguration;
			baseConfigurationReference = 1ED7886B46164498D61F2211 /* Pods-FocusTape.release.xcconfig */;
			buildSettings = {
				ASSETCATALOG_COMPILER_APPICON_NAME = AppIcon;
				ASSETCATALOG_COMPILER_GLOBAL_ACCENT_COLOR_NAME = AccentColor;
				CODE_SIGN_STYLE = Automatic;
				CURRENT_PROJECT_VERSION = 2;
				DEVELOPMENT_TEAM = XSBJSSCUR5;
				INFOPLIST_FILE = FocusTape/Info.plist;
				IPHONEOS_DEPLOYMENT_TARGET = 13.6;
				LD_RUNPATH_SEARCH_PATHS = (
					"$(inherited)",
					"@executable_path/Frameworks",
				);
				PRODUCT_BUNDLE_IDENTIFIER = com.appblender.FocusTape;
				PRODUCT_NAME = "$(TARGET_NAME)";
				SWIFT_VERSION = 5.0;
				TARGETED_DEVICE_FAMILY = 1;
			};
			name = Release;
		};
/* End XCBuildConfiguration section */

/* Begin XCConfigurationList section */
		76EFA5FB25148301007BE7AD /* Build configuration list for PBXProject "FocusTape" */ = {
			isa = XCConfigurationList;
			buildConfigurations = (
				76EFA61525148303007BE7AD /* Debug */,
				76EFA61625148303007BE7AD /* Release */,
			);
			defaultConfigurationIsVisible = 0;
			defaultConfigurationName = Release;
		};
		76EFA61725148303007BE7AD /* Build configuration list for PBXNativeTarget "FocusTape" */ = {
			isa = XCConfigurationList;
			buildConfigurations = (
				76EFA61825148303007BE7AD /* Debug */,
				76EFA61925148303007BE7AD /* Release */,
			);
			defaultConfigurationIsVisible = 0;
			defaultConfigurationName = Release;
		};
/* End XCConfigurationList section */

/* Begin XCVersionGroup section */
		76EFA60C25148301007BE7AD /* FocusTape.xcdatamodeld */ = {
			isa = XCVersionGroup;
			children = (
				76EFA60D25148301007BE7AD /* FocusTape.xcdatamodel */,
			);
			currentVersion = 76EFA60D25148301007BE7AD /* FocusTape.xcdatamodel */;
			path = FocusTape.xcdatamodeld;
			sourceTree = "<group>";
			versionGroupType = wrapper.xcdatamodel;
		};
/* End XCVersionGroup section */
	};
	rootObject = 76EFA5F825148301007BE7AD /* Project object */;
}
